
Microsoft Visual Studio Solution File, Format Version 12.00
# Visual Studio Version 16
VisualStudioVersion = 16.0.30711.63
MinimumVisualStudioVersion = 10.0.40219.1
Project("{FAE04EC0-301F-11D3-BF4B-00C04F79EFBC}") = "MyBanker", "MyBanker\MyBanker.csproj", "{83A27E9F-7CA0-4489-9181-DD46926DB958}"
EndProject
Global
	GlobalSection(SolutionConfigurationPlatforms) = preSolution
		Debug|Any CPU = Debug|Any CPU
		Release|Any CPU = Release|Any CPU
	EndGlobalSection
	GlobalSection(ProjectConfigurationPlatforms) = postSolution
		{83A27E9F-7CA0-4489-9181-DD46926DB958}.Debug|Any CPU.ActiveCfg = Debug|Any CPU
		{83A27E9F-7CA0-4489-9181-DD46926DB958}.Debug|Any CPU.Build.0 = Debug|Any CPU
		{83A27E9F-7CA0-4489-9181-DD46926DB958}.Release|Any CPU.ActiveCfg = Release|Any CPU
		{83A27E9F-7CA0-4489-9181-DD46926DB958}.Release|Any CPU.Build.0 = Release|Any CPU
	EndGlobalSection
	GlobalSection(SolutionProperties) = preSolution
		HideSolutionNode = FALSE
	EndGlobalSection
	GlobalSection(ExtensibilityGlobals) = postSolution
		SolutionGuid = {1D280E14-5415-4CFA-A62B-CEDAD9B95107}
	EndGlobalSection
EndGlobal
